
Microsoft Visual Studio Solution File, Format Version 12.00
# Visual Studio Version 17
VisualStudioVersion = 17.9.34728.123
MinimumVisualStudioVersion = 10.0.40219.1
Project("{FAE04EC0-301F-11D3-BF4B-00C04F79EFBC}") = "Voice Bridge", "Voice Bridge.csproj", "{11DE9B29-A04E-4932-8862-6DDCA80C3F29}"
EndProject
Global
	GlobalSection(SolutionConfigurationPlatforms) = preSolution
		Debug|Any CPU = Debug|Any CPU
		Release|Any CPU = Release|Any CPU
	EndGlobalSection
	GlobalSection(ProjectConfigurationPlatforms) = postSolution
		{11DE9B29-A04E-4932-8862-6DDCA80C3F29}.Debug|Any CPU.ActiveCfg = Debug|Any CPU
		{11DE9B29-A04E-4932-8862-6DDCA80C3F29}.Debug|Any CPU.Build.0 = Debug|Any CPU
		{11DE9B29-A04E-4932-8862-6DDCA80C3F29}.Release|Any CPU.ActiveCfg = Release|Any CPU
		{11DE9B29-A04E-4932-8862-6DDCA80C3F29}.Release|Any CPU.Build.0 = Release|Any CPU
	EndGlobalSection
	GlobalSection(SolutionProperties) = preSolution
		HideSolutionNode = FALSE
	EndGlobalSection
	GlobalSection(ExtensibilityGlobals) = postSolution
		SolutionGuid = {F20184F0-6F02-4388-AC74-9152436D5D43}
	EndGlobalSection
EndGlobal
